
Microsoft Visual Studio Solution File, Format Version 12.00
# Visual Studio Version 16
VisualStudioVersion = 16.0.31702.278
MinimumVisualStudioVersion = 10.0.40219.1
Project("{FAE04EC0-301F-11D3-BF4B-00C04F79EFBC}") = "bookkeeping C-Sharp", "bookkeeping C-Sharp\bookkeeping C-Sharp.csproj", "{AD647A68-D0FF-4DED-9834-3A1B7E300A6A}"
EndProject
Global
	GlobalSection(SolutionConfigurationPlatforms) = preSolution
		Debug|Any CPU = Debug|Any CPU
		Release|Any CPU = Release|Any CPU
	EndGlobalSection
	GlobalSection(ProjectConfigurationPlatforms) = postSolution
		{AD647A68-D0FF-4DED-9834-3A1B7E300A6A}.Debug|Any CPU.ActiveCfg = Debug|Any CPU
		{AD647A68-D0FF-4DED-9834-3A1B7E300A6A}.Debug|Any CPU.Build.0 = Debug|Any CPU
		{AD647A68-D0FF-4DED-9834-3A1B7E300A6A}.Release|Any CPU.ActiveCfg = Release|Any CPU
		{AD647A68-D0FF-4DED-9834-3A1B7E300A6A}.Release|Any CPU.Build.0 = Release|Any CPU
	EndGlobalSection
	GlobalSection(SolutionProperties) = preSolution
		HideSolutionNode = FALSE
	EndGlobalSection
	GlobalSection(ExtensibilityGlobals) = postSolution
		SolutionGuid = {D716631F-2F3B-4DE0-B42B-0E010E2B9BD1}
	EndGlobalSection
EndGlobal
